// !$*UTF8*$!
{
	archiveVersion = 1;
	classes = {
	};
	objectVersion = 50;
	objects = {

/* Begin PBXBuildFile section */
		92D84F5A2521D0B300C11030 /* AppDelegate.swift in Sources */ = {isa = PBXBuildFile; fileRef = 92D84F592521D0B300C11030 /* AppDelegate.swift */; };
		92D84F5C2521D0B300C11030 /* SceneDelegate.swift in Sources */ = {isa = PBXBuildFile; fileRef = 92D84F5B2521D0B300C11030 /* SceneDelegate.swift */; };
		92D84F632521D0B400C11030 /* Assets.xcassets in Resources */ = {isa = PBXBuildFile; fileRef = 92D84F622521D0B400C11030 /* Assets.xcassets */; };
		92D84F662521D0B400C11030 /* LaunchScreen.storyboard in Resources */ = {isa = PBXBuildFile; fileRef = 92D84F642521D0B400C11030 /* LaunchScreen.storyboard */; };
		92D84F712521D3F600C11030 /* MainViewController.swift in Sources */ = {isa = PBXBuildFile; fileRef = 92D84F6F2521D3F600C11030 /* MainViewController.swift */; };
		92D84F722521D3F600C11030 /* MainViewController.xib in Resources */ = {isa = PBXBuildFile; fileRef = 92D84F702521D3F600C11030 /* MainViewController.xib */; };
		92D84F742521D40C00C11030 /* MainViewPresenter.swift in Sources */ = {isa = PBXBuildFile; fileRef = 92D84F732521D40C00C11030 /* MainViewPresenter.swift */; };
		92D84F762521D62700C11030 /* MainViewDelegate.swift in Sources */ = {isa = PBXBuildFile; fileRef = 92D84F752521D62700C11030 /* MainViewDelegate.swift */; };
/* End PBXBuildFile section */

/* Begin PBXFileReference section */
		92D84F562521D0B300C11030 /* PryanikyTestProject.app */ = {isa = PBXFileReference; explicitFileType = wrapper.application; includeInIndex = 0; path = PryanikyTestProject.app; sourceTree = BUILT_PRODUCTS_DIR; };
		92D84F592521D0B300C11030 /* AppDelegate.swift */ = {isa = PBXFileReference; lastKnownFileType = sourcecode.swift; path = AppDelegate.swift; sourceTree = "<group>"; };
		92D84F5B2521D0B300C11030 /* SceneDelegate.swift */ = {isa = PBXFileReference; lastKnownFileType = sourcecode.swift; path = SceneDelegate.swift; sourceTree = "<group>"; };
		92D84F622521D0B400C11030 /* Assets.xcassets */ = {isa = PBXFileReference; lastKnownFileType = folder.assetcatalog; path = Assets.xcassets; sourceTree = "<group>"; };
		92D84F652521D0B400C11030 /* Base */ = {isa = PBXFileReference; lastKnownFileType = file.storyboard; name = Base; path = Base.lproj/LaunchScreen.storyboard; sourceTree = "<group>"; };
		92D84F672521D0B400C11030 /* Info.plist */ = {isa = PBXFileReference; lastKnownFileType = text.plist.xml; path = Info.plist; sourceTree = "<group>"; };
		92D84F6F2521D3F600C11030 /* MainViewController.swift */ = {isa = PBXFileReference; lastKnownFileType = sourcecode.swift; path = MainViewController.swift; sourceTree = "<group>"; };
		92D84F702521D3F600C11030 /* MainViewController.xib */ = {isa = PBXFileReference; lastKnownFileType = file.xib; path = MainViewController.xib; sourceTree = "<group>"; };
		92D84F732521D40C00C11030 /* MainViewPresenter.swift */ = {isa = PBXFileReference; lastKnownFileType = sourcecode.swift; path = MainViewPresenter.swift; sourceTree = "<group>"; };
		92D84F752521D62700C11030 /* MainViewDelegate.swift */ = {isa = PBXFileReference; lastKnownFileType = sourcecode.swift; path = MainViewDelegate.swift; sourceTree = "<group>"; };
/* End PBXFileReference section */

/* Begin PBXFrameworksBuildPhase section */
		92D84F532521D0B300C11030 /* Frameworks */ = {
			isa = PBXFrameworksBuildPhase;
			buildActionMask = 2147483647;
			files = (
			);
			runOnlyForDeploymentPostprocessing = 0;
		};
/* End PBXFrameworksBuildPhase section */

/* Begin PBXGroup section */
		92D84F4D2521D0B300C11030 = {
			isa = PBXGroup;
			children = (
				92D84F582521D0B300C11030 /* PryanikyTestProject */,
				92D84F572521D0B300C11030 /* Products */,
			);
			sourceTree = "<group>";
		};
		92D84F572521D0B300C11030 /* Products */ = {
			isa = PBXGroup;
			children = (
				92D84F562521D0B300C11030 /* PryanikyTestProject.app */,
			);
			name = Products;
			sourceTree = "<group>";
		};
		92D84F582521D0B300C11030 /* PryanikyTestProject */ = {
			isa = PBXGroup;
			children = (
				92D84F6E2521D30B00C11030 /* MainViewController */,
				92D84F6D2521D17F00C11030 /* Supporting Files */,
				92D84F622521D0B400C11030 /* Assets.xcassets */,
			);
			path = PryanikyTestProject;
			sourceTree = "<group>";
		};
		92D84F6D2521D17F00C11030 /* Supporting Files */ = {
			isa = PBXGroup;
			children = (
				92D84F672521D0B400C11030 /* Info.plist */,
				92D84F5B2521D0B300C11030 /* SceneDelegate.swift */,
				92D84F642521D0B400C11030 /* LaunchScreen.storyboard */,
				92D84F592521D0B300C11030 /* AppDelegate.swift */,
			);
			path = "Supporting Files";
			sourceTree = "<group>";
		};
		92D84F6E2521D30B00C11030 /* MainViewController */ = {
			isa = PBXGroup;
			children = (
				92D84F6F2521D3F600C11030 /* MainViewController.swift */,
				92D84F702521D3F600C11030 /* MainViewController.xib */,
				92D84F732521D40C00C11030 /* MainViewPresenter.swift */,
				92D84F752521D62700C11030 /* MainViewDelegate.swift */,
			);
			path = MainViewController;
			sourceTree = "<group>";
		};
/* End PBXGroup section */

/* Begin PBXNativeTarget section */
		92D84F552521D0B300C11030 /* PryanikyTestProject */ = {
			isa = PBXNativeTarget;
			buildConfigurationList = 92D84F6A2521D0B400C11030 /* Build configuration list for PBXNativeTarget "PryanikyTestProject" */;
			buildPhases = (
				92D84F522521D0B300C11030 /* Sources */,
				92D84F532521D0B300C11030 /* Frameworks */,
				92D84F542521D0B300C11030 /* Resources */,
			);
			buildRules = (
			);
			dependencies = (
			);
			name = PryanikyTestProject;
			productName = PryanikyTestProject;
			productReference = 92D84F562521D0B300C11030 /* PryanikyTestProject.app */;
			productType = "com.apple.product-type.application";
		};
/* End PBXNativeTarget section */

/* Begin PBXProject section */
		92D84F4E2521D0B300C11030 /* Project object */ = {
			isa = PBXProject;
			attributes = {
				LastSwiftUpdateCheck = 1170;
				LastUpgradeCheck = 1170;
				ORGANIZATIONNAME = "Рыжков Артем";
				TargetAttributes = {
					92D84F552521D0B300C11030 = {
						CreatedOnToolsVersion = 11.7;
					};
				};
			};
			buildConfigurationList = 92D84F512521D0B300C11030 /* Build configuration list for PBXProject "PryanikyTestProject" */;
			compatibilityVersion = "Xcode 9.3";
			developmentRegion = en;
			hasScannedForEncodings = 0;
			knownRegions = (
				en,
				Base,
			);
			mainGroup = 92D84F4D2521D0B300C11030;
			productRefGroup = 92D84F572521D0B300C11030 /* Products */;
			projectDirPath = "";
			projectRoot = "";
			targets = (
				92D84F552521D0B300C11030 /* PryanikyTestProject */,
			);
		};
/* End PBXProject section */

/* Begin PBXResourcesBuildPhase section */
		92D84F542521D0B300C11030 /* Resources */ = {
			isa = PBXResourcesBuildPhase;
			buildActionMask = 2147483647;
			files = (
				92D84F662521D0B400C11030 /* LaunchScreen.storyboard in Resources */,
				92D84F722521D3F600C11030 /* MainViewController.xib in Resources */,
				92D84F632521D0B400C11030 /* Assets.xcassets in Resources */,
			);
			runOnlyForDeploymentPostprocessing = 0;
		};
/* End PBXResourcesBuildPhase section */

/* Begin PBXSourcesBuildPhase section */
		92D84F522521D0B300C11030 /* Sources */ = {
			isa = PBXSourcesBuildPhase;
			buildActionMask = 2147483647;
			files = (
				92D84F742521D40C00C11030 /* MainViewPresenter.swift in Sources */,
				92D84F712521D3F600C11030 /* MainViewController.swift in Sources */,
				92D84F5A2521D0B300C11030 /* AppDelegate.swift in Sources */,
				92D84F762521D62700C11030 /* MainViewDelegate.swift in Sources */,
				92D84F5C2521D0B300C11030 /* SceneDelegate.swift in Sources */,
			);
			runOnlyForDeploymentPostprocessing = 0;
		};
/* End PBXSourcesBuildPhase section */

/* Begin PBXVariantGroup section */
		92D84F642521D0B400C11030 /* LaunchScreen.storyboard */ = {
			isa = PBXVariantGroup;
			children = (
				92D84F652521D0B400C11030 /* Base */,
			);
			name = LaunchScreen.storyboard;
			sourceTree = "<group>";
		};
/* End PBXVariantGroup section */

/* Begin XCBuildConfiguration section */
		92D84F682521D0B400C11030 /* Debug */ = {
			isa = XCBuildConfiguration;
			buildSettings = {
				ALWAYS_SEARCH_USER_PATHS = NO;
				CLANG_ANALYZER_NONNULL = YES;
				CLANG_ANALYZER_NUMBER_OBJECT_CONVERSION = YES_AGGRESSIVE;
				CLANG_CXX_LANGUAGE_STANDARD = "gnu++14";
				CLANG_CXX_LIBRARY = "libc++";
				CLANG_ENABLE_MODULES = YES;
				CLANG_ENABLE_OBJC_ARC = YES;
				CLANG_ENABLE_OBJC_WEAK = YES;
				CLANG_WARN_BLOCK_CAPTURE_AUTORELEASING = YES;
				CLANG_WARN_BOOL_CONVERSION = YES;
				CLANG_WARN_COMMA = YES;
				CLANG_WARN_CONSTANT_CONVERSION = YES;
				CLANG_WARN_DEPRECATED_OBJC_IMPLEMENTATIONS = YES;
				CLANG_WARN_DIRECT_OBJC_ISA_USAGE = YES_ERROR;
				CLANG_WARN_DOCUMENTATION_COMMENTS = YES;
				CLANG_WARN_EMPTY_BODY = YES;
				CLANG_WARN_ENUM_CONVERSION = YES;
				CLANG_WARN_INFINITE_RECURSION = YES;
				CLANG_WARN_INT_CONVERSION = YES;
				CLANG_WARN_NON_LITERAL_NULL_CONVERSION = YES;
				CLANG_WARN_OBJC_IMPLICIT_RETAIN_SELF = YES;
				CLANG_WARN_OBJC_LITERAL_CONVERSION = YES;
				CLANG_WARN_OBJC_ROOT_CLASS = YES_ERROR;
				CLANG_WARN_RANGE_LOOP_ANALYSIS = YES;
				CLANG_WARN_STRICT_PROTOTYPES = YES;
				CLANG_WARN_SUSPICIOUS_MOVE = YES;
				CLANG_WARN_UNGUARDED_AVAILABILITY = YES_AGGRESSIVE;
				CLANG_WARN_UNREACHABLE_CODE = YES;
				CLANG_WARN__DUPLICATE_METHOD_MATCH = YES;
				COPY_PHASE_STRIP = NO;
				DEBUG_INFORMATION_FORMAT = dwarf;
				ENABLE_STRICT_OBJC_MSGSEND = YES;
				ENABLE_TESTABILITY = YES;
				GCC_C_LANGUAGE_STANDARD = gnu11;
				GCC_DYNAMIC_NO_PIC = NO;
				GCC_NO_COMMON_BLOCKS = YES;
				GCC_OPTIMIZATION_LEVEL = 0;
				GCC_PREPROCESSOR_DEFINITIONS = (
					"DEBUG=1",
					"$(inherited)",
				);
				GCC_WARN_64_TO_32_BIT_CONVERSION = YES;
				GCC_WARN_ABOUT_RETURN_TYPE = YES_ERROR;
				GCC_WARN_UNDECLARED_SELECTOR = YES;
				GCC_WARN_UNINITIALIZED_AUTOS = YES_AGGRESSIVE;
				GCC_WARN_UNUSED_FUNCTION = YES;
				GCC_WARN_UNUSED_VARIABLE = YES;
				IPHONEOS_DEPLOYMENT_TARGET = 13.7;
				MTL_ENABLE_DEBUG_INFO = INCLUDE_SOURCE;
				MTL_FAST_MATH = YES;
				ONLY_ACTIVE_ARCH = YES;
				SDKROOT = iphoneos;
				SWIFT_ACTIVE_COMPILATION_CONDITIONS = DEBUG;
				SWIFT_OPTIMIZATION_LEVEL = "-Onone";
			};
			name = Debug;
		};
		92D84F692521D0B400C11030 /* Release */ = {
			isa = XCBuildConfiguration;
			buildSettings = {
				ALWAYS_SEARCH_USER_PATHS = NO;
				CLANG_ANALYZER_NONNULL = YES;
				CLANG_ANALYZER_NUMBER_OBJECT_CONVERSION = YES_AGGRESSIVE;
				CLANG_CXX_LANGUAGE_STANDARD = "gnu++14";
				CLANG_CXX_LIBRARY = "libc++";
				CLANG_ENABLE_MODULES = YES;
				CLANG_ENABLE_OBJC_ARC = YES;
				CLANG_ENABLE_OBJC_WEAK = YES;
				CLANG_WARN_BLOCK_CAPTURE_AUTORELEASING = YES;
				CLANG_WARN_BOOL_CONVERSION = YES;
				CLANG_WARN_COMMA = YES;
				CLANG_WARN_CONSTANT_CONVERSION = YES;
				CLANG_WARN_DEPRECATED_OBJC_IMPLEMENTATIONS = YES;
				CLANG_WARN_DIRECT_OBJC_ISA_USAGE = YES_ERROR;
				CLANG_WARN_DOCUMENTATION_COMMENTS = YES;
				CLANG_WARN_EMPTY_BODY = YES;
				CLANG_WARN_ENUM_CONVERSION = YES;
				CLANG_WARN_INFINITE_RECURSION = YES;
				CLANG_WARN_INT_CONVERSION = YES;
				CLANG_WARN_NON_LITERAL_NULL_CONVERSION = YES;
				CLANG_WARN_OBJC_IMPLICIT_RETAIN_SELF = YES;
				CLANG_WARN_OBJC_LITERAL_CONVERSION = YES;
				CLANG_WARN_OBJC_ROOT_CLASS = YES_ERROR;
				CLANG_WARN_RANGE_LOOP_ANALYSIS = YES;
				CLANG_WARN_STRICT_PROTOTYPES = YES;
				CLANG_WARN_SUSPICIOUS_MOVE = YES;
				CLANG_WARN_UNGUARDED_AVAILABILITY = YES_AGGRESSIVE;
				CLANG_WARN_UNREACHABLE_CODE = YES;
				CLANG_WARN__DUPLICATE_METHOD_MATCH = YES;
				COPY_PHASE_STRIP = NO;
				DEBUG_INFORMATION_FORMAT = "dwarf-with-dsym";
				ENABLE_NS_ASSERTIONS = NO;
				ENABLE_STRICT_OBJC_MSGSEND = YES;
				GCC_C_LANGUAGE_STANDARD = gnu11;
				GCC_NO_COMMON_BLOCKS = YES;
				GCC_WARN_64_TO_32_BIT_CONVERSION = YES;
				GCC_WARN_ABOUT_RETURN_TYPE = YES_ERROR;
				GCC_WARN_UNDECLARED_SELECTOR = YES;
				GCC_WARN_UNINITIALIZED_AUTOS = YES_AGGRESSIVE;
				GCC_WARN_UNUSED_FUNCTION = YES;
				GCC_WARN_UNUSED_VARIABLE = YES;
				IPHONEOS_DEPLOYMENT_TARGET = 13.7;
				MTL_ENABLE_DEBUG_INFO = NO;
				MTL_FAST_MATH = YES;
				SDKROOT = iphoneos;
				SWIFT_COMPILATION_MODE = wholemodule;
				SWIFT_OPTIMIZATION_LEVEL = "-O";
				VALIDATE_PRODUCT = YES;
			};
			name = Release;
		};
		92D84F6B2521D0B400C11030 /* Debug */ = {
			isa = XCBuildConfiguration;
			buildSettings = {
				ASSETCATALOG_COMPILER_APPICON_NAME = AppIcon;
				CODE_SIGN_STYLE = Automatic;
				DEVELOPMENT_TEAM = 7UHA847YA4;
				INFOPLIST_FILE = "PryanikyTestProject/Supporting Files/Info.plist";
				LD_RUNPATH_SEARCH_PATHS = (
					"$(inherited)",
					"@executable_path/Frameworks",
				);
				PRODUCT_BUNDLE_IDENTIFIER = com.onl1steam.PryanikyTestProject;
				PRODUCT_NAME = "$(TARGET_NAME)";
				SWIFT_VERSION = 5.0;
				TARGETED_DEVICE_FAMILY = "1,2";
			};
			name = Debug;
		};
		92D84F6C2521D0B400C11030 /* Release */ = {
			isa = XCBuildConfiguration;
			buildSettings = {
				ASSETCATALOG_COMPILER_APPICON_NAME = AppIcon;
				CODE_SIGN_STYLE = Automatic;
				DEVELOPMENT_TEAM = 7UHA847YA4;
				INFOPLIST_FILE = "PryanikyTestProject/Supporting Files/Info.plist";
				LD_RUNPATH_SEARCH_PATHS = (
					"$(inherited)",
					"@executable_path/Frameworks",
				);
				PRODUCT_BUNDLE_IDENTIFIER = com.onl1steam.PryanikyTestProject;
				PRODUCT_NAME = "$(TARGET_NAME)";
				SWIFT_VERSION = 5.0;
				TARGETED_DEVICE_FAMILY = "1,2";
			};
			name = Release;
		};
/* End XCBuildConfiguration section */

/* Begin XCConfigurationList section */
		92D84F512521D0B300C11030 /* Build configuration list for PBXProject "PryanikyTestProject" */ = {
			isa = XCConfigurationList;
			buildConfigurations = (
				92D84F682521D0B400C11030 /* Debug */,
				92D84F692521D0B400C11030 /* Release */,
			);
			defaultConfigurationIsVisible = 0;
			defaultConfigurationName = Release;
		};
		92D84F6A2521D0B400C11030 /* Build configuration list for PBXNativeTarget "PryanikyTestProject" */ = {
			isa = XCConfigurationList;
			buildConfigurations = (
				92D84F6B2521D0B400C11030 /* Debug */,
				92D84F6C2521D0B400C11030 /* Release */,
			);
			defaultConfigurationIsVisible = 0;
			defaultConfigurationName = Release;
		};
/* End XCConfigurationList section */
	};
	rootObject = 92D84F4E2521D0B300C11030 /* Project object */;
}
